
Microsoft Visual Studio Solution File, Format Version 12.00
# Visual Studio Version 16
VisualStudioVersion = 16.0.31112.23
MinimumVisualStudioVersion = 10.0.40219.1
Project("{FAE04EC0-301F-11D3-BF4B-00C04F79EFBC}") = "Rocky", "Rocky\Rocky.csproj", "{86782A7D-19E4-4FAB-A8EF-361E2120DE02}"
EndProject
Global
	GlobalSection(SolutionConfigurationPlatforms) = preSolution
		Debug|Any CPU = Debug|Any CPU
		Release|Any CPU = Release|Any CPU
	EndGlobalSection
	GlobalSection(ProjectConfigurationPlatforms) = postSolution
		{86782A7D-19E4-4FAB-A8EF-361E2120DE02}.Debug|Any CPU.ActiveCfg = Debug|Any CPU
		{86782A7D-19E4-4FAB-A8EF-361E2120DE02}.Debug|Any CPU.Build.0 = Debug|Any CPU
		{86782A7D-19E4-4FAB-A8EF-361E2120DE02}.Release|Any CPU.ActiveCfg = Release|Any CPU
		{86782A7D-19E4-4FAB-A8EF-361E2120DE02}.Release|Any CPU.Build.0 = Release|Any CPU
	EndGlobalSection
	GlobalSection(SolutionProperties) = preSolution
		HideSolutionNode = FALSE
	EndGlobalSection
	GlobalSection(ExtensibilityGlobals) = postSolution
		SolutionGuid = {4430ADAD-B610-4F09-B33E-2065DB222B6F}
	EndGlobalSection
EndGlobal
